<?xml version="1.0"?>
<CONFIG>
  <ProjectOptions>
    <Version Value="9"/>
    <PathDelim Value="\"/>
    <General>
      <Flags>
        <SaveOnlyProjectUnits Value="True"/>
      </Flags>
      <MainUnit Value="0"/>
      <UseAppBundle Value="False"/>
      <ResourceType Value="res"/>
      <ActiveWindowIndexAtStart Value="0"/>
    </General>
    <i18n>
      <EnableI18N LFM="False"/>
    </i18n>
    <VersionInfo>
      <StringTable ProductVersion=""/>
    </VersionInfo>
    <BuildModes Count="1" Active="Default">
      <Item1 Name="Default" Default="True"/>
    </BuildModes>
    <PublishOptions>
      <Version Value="2"/>
      <IncludeFileFilter Value="*.(pas|pp|inc|lfm|lpr|lrs|lpi|lpk|sh|xml)"/>
      <ExcludeFileFilter Value="*.(bak|ppu|o|so);*~;backup"/>
    </PublishOptions>
    <RunParams>
      <local>
        <FormatVersion Value="1"/>
      </local>
    </RunParams>
    <RequiredPackages Count="2">
      <Item1>
        <PackageName Value="BrookRT"/>
      </Item1>
      <Item2>
        <PackageName Value="FPCUnitTestRunner"/>
      </Item2>
    </RequiredPackages>
    <Units Count="15">
      <Unit0>
        <Filename Value="test.lpr"/>
        <IsPartOfProject Value="True"/>
        <UnitName Value="test"/>
        <IsVisibleTab Value="True"/>
        <EditorIndex Value="0"/>
        <WindowIndex Value="0"/>
        <TopLine Value="1"/>
        <CursorPos X="1" Y="1"/>
        <UsageCount Value="20"/>
        <Loaded Value="True"/>
      </Unit0>
      <Unit1>
        <Filename Value="testbrookaction.pas"/>
        <IsPartOfProject Value="True"/>
        <UnitName Value="testbrookaction"/>
        <UsageCount Value="20"/>
      </Unit1>
      <Unit2>
        <Filename Value="testbrookapplication.pas"/>
        <IsPartOfProject Value="True"/>
        <UnitName Value="testbrookapplication"/>
        <UsageCount Value="20"/>
      </Unit2>
      <Unit3>
        <Filename Value="testbrookdatabase.pas"/>
        <IsPartOfProject Value="True"/>
        <UnitName Value="testbrookdatabase"/>
        <UsageCount Value="20"/>
      </Unit3>
      <Unit4>
        <Filename Value="testbrookquery.pas"/>
        <IsPartOfProject Value="True"/>
        <UnitName Value="testbrookquery"/>
        <UsageCount Value="20"/>
      </Unit4>
      <Unit5>
        <Filename Value="testbrooktable.pas"/>
        <IsPartOfProject Value="True"/>
        <UnitName Value="testbrooktable"/>
        <UsageCount Value="20"/>
      </Unit5>
      <Unit6>
        <Filename Value="testbrookdbaction.pas"/>
        <IsPartOfProject Value="True"/>
        <UnitName Value="testbrookdbaction"/>
        <UsageCount Value="20"/>
      </Unit6>
      <Unit7>
        <Filename Value="testbrookrouter.pas"/>
        <IsPartOfProject Value="True"/>
        <UnitName Value="testbrookrouter"/>
        <UsageCount Value="20"/>
      </Unit7>
      <Unit8>
        <Filename Value="testbrookconfigurator.pas"/>
        <IsPartOfProject Value="True"/>
        <UnitName Value="testbrookconfigurator"/>
        <UsageCount Value="20"/>
      </Unit8>
      <Unit9>
        <Filename Value="testbrookdbutils.pas"/>
        <IsPartOfProject Value="True"/>
        <UnitName Value="testbrookdbutils"/>
        <UsageCount Value="20"/>
      </Unit9>
      <Unit10>
        <Filename Value="testbrookhttputils.pas"/>
        <IsPartOfProject Value="True"/>
        <UnitName Value="testbrookhttputils"/>
        <UsageCount Value="20"/>
      </Unit10>
      <Unit11>
        <Filename Value="testbrookutils.pas"/>
        <IsPartOfProject Value="True"/>
        <UnitName Value="testbrookutils"/>
        <UsageCount Value="20"/>
      </Unit11>
      <Unit12>
        <Filename Value="testbrooksession.pas"/>
        <IsPartOfProject Value="True"/>
        <UnitName Value="testbrooksession"/>
        <UsageCount Value="20"/>
      </Unit12>
      <Unit13>
        <Filename Value="testbrookrestactions.pas"/>
        <IsPartOfProject Value="True"/>
        <UnitName Value="testbrookrestactions"/>
        <UsageCount Value="20"/>
      </Unit13>
      <Unit14>
        <Filename Value="testbrookhttpclient.pas"/>
        <IsPartOfProject Value="True"/>
        <UnitName Value="testbrookhttpclient"/>
        <UsageCount Value="20"/>
      </Unit14>
    </Units>
  </ProjectOptions>
  <CompilerOptions>
    <Version Value="11"/>
    <PathDelim Value="\"/>
    <SearchPaths>
      <IncludeFiles Value="$(ProjOutDir)"/>
    </SearchPaths>
    <Linking>
      <Debugging>
        <UseHeaptrc Value="True"/>
      </Debugging>
      <Options>
        <Win32>
          <GraphicApplication Value="True"/>
        </Win32>
      </Options>
    </Linking>
    <Other>
      <CompilerMessages>
        <MsgFileName Value=""/>
      </CompilerMessages>
      <CompilerPath Value="$(CompPath)"/>
    </Other>
  </CompilerOptions>
  <Debugging>
    <Exceptions Count="3">
      <Item1>
        <Name Value="EAbort"/>
      </Item1>
      <Item2>
        <Name Value="ECodetoolError"/>
      </Item2>
      <Item3>
        <Name Value="EFOpenError"/>
      </Item3>
    </Exceptions>
  </Debugging>
  <EditorMacros Count="0"/>
</CONFIG>
