<?xml version="1.0" encoding="UTF-8"?>
<CONFIG>
  <ProjectOptions>
    <Version Value="11"/>
    <General>
      <Flags>
        <MainUnitHasCreateFormStatements Value="False"/>
        <MainUnitHasTitleStatement Value="False"/>
        <MainUnitHasScaledStatement Value="False"/>
      </Flags>
      <MainUnit Value="0"/>
      <Title Value="Test_String"/>
      <UseAppBundle Value="False"/>
      <ResourceType Value="res"/>
    </General>
    <BuildModes Count="1" Active="Default">
      <Item1 Name="Default" Default="True"/>
    </BuildModes>
    <PublishOptions>
      <Version Value="2"/>
    </PublishOptions>
    <RunParams>
      <FormatVersion Value="2"/>
      <Modes Count="1">
        <Mode0 Name="default"/>
      </Modes>
    </RunParams>
    <RequiredPackages Count="1">
      <Item1>
        <PackageName Value="BrookFramework40"/>
      </Item1>
    </RequiredPackages>
    <Units Count="4">
      <Unit0>
        <Filename Value="Test_String.dpr"/>
        <IsPartOfProject Value="True"/>
        <IsVisibleTab Value="True"/>
        <TopLine Value="30"/>
        <CursorPos X="16" Y="52"/>
        <UsageCount Value="22"/>
        <Loaded Value="True"/>
      </Unit0>
      <Unit1>
        <Filename Value="../Source/BrookString.pas"/>
        <EditorIndex Value="1"/>
        <TopLine Value="136"/>
        <CursorPos X="36" Y="155"/>
        <UsageCount Value="11"/>
        <Loaded Value="True"/>
      </Unit1>
      <Unit2>
        <Filename Value="../Source/libbrook.pas"/>
        <EditorIndex Value="-1"/>
        <TopLine Value="135"/>
        <CursorPos X="3" Y="147"/>
        <UsageCount Value="10"/>
      </Unit2>
      <Unit3>
        <Filename Value="Tests.pas"/>
        <EditorIndex Value="-1"/>
        <CursorPos X="5" Y="7"/>
        <UsageCount Value="10"/>
      </Unit3>
    </Units>
    <JumpHistory Count="30" HistoryIndex="29">
      <Position1>
        <Filename Value="Test_String.dpr"/>
        <Caret Line="139" TopLine="122"/>
      </Position1>
      <Position2>
        <Filename Value="Test_String.dpr"/>
        <Caret Line="21" TopLine="11"/>
      </Position2>
      <Position3>
        <Filename Value="Test_String.dpr"/>
        <Caret Line="17" Column="28" TopLine="3"/>
      </Position3>
      <Position4>
        <Filename Value="../Source/BrookString.pas"/>
        <Caret Line="72" Column="14" TopLine="63"/>
      </Position4>
      <Position5>
        <Filename Value="../Source/BrookString.pas"/>
        <Caret Line="159" TopLine="154"/>
      </Position5>
      <Position6>
        <Filename Value="Test_String.dpr"/>
        <Caret Line="10" Column="28" TopLine="4"/>
      </Position6>
      <Position7>
        <Filename Value="Test_String.dpr"/>
        <Caret Line="130" TopLine="119"/>
      </Position7>
      <Position8>
        <Filename Value="Test_String.dpr"/>
        <Caret Line="131" TopLine="119"/>
      </Position8>
      <Position9>
        <Filename Value="Test_String.dpr"/>
        <Caret Line="132" TopLine="119"/>
      </Position9>
      <Position10>
        <Filename Value="Test_String.dpr"/>
        <Caret Line="133" TopLine="119"/>
      </Position10>
      <Position11>
        <Filename Value="Test_String.dpr"/>
        <Caret Line="135" TopLine="119"/>
      </Position11>
      <Position12>
        <Filename Value="Test_String.dpr"/>
        <Caret Line="133" TopLine="119"/>
      </Position12>
      <Position13>
        <Filename Value="Test_String.dpr"/>
        <Caret Line="130" TopLine="119"/>
      </Position13>
      <Position14>
        <Filename Value="Test_String.dpr"/>
        <Caret Line="145" TopLine="123"/>
      </Position14>
      <Position15>
        <Filename Value="Test_String.dpr"/>
        <Caret Line="13" Column="13"/>
      </Position15>
      <Position16>
        <Filename Value="../Source/BrookString.pas"/>
        <Caret Line="159" TopLine="151"/>
      </Position16>
      <Position17>
        <Filename Value="../Source/BrookString.pas"/>
        <Caret Line="158" Column="21" TopLine="151"/>
      </Position17>
      <Position18>
        <Filename Value="../Source/BrookString.pas"/>
        <Caret Line="159" Column="3" TopLine="145"/>
      </Position18>
      <Position19>
        <Filename Value="Test_String.dpr"/>
        <Caret Line="22" Column="25" TopLine="2"/>
      </Position19>
      <Position20>
        <Filename Value="Test_String.dpr"/>
        <Caret Line="30" Column="77" TopLine="25"/>
      </Position20>
      <Position21>
        <Filename Value="Test_String.dpr"/>
        <Caret Line="49" TopLine="38"/>
      </Position21>
      <Position22>
        <Filename Value="Test_String.dpr"/>
        <Caret Line="50" TopLine="38"/>
      </Position22>
      <Position23>
        <Filename Value="Test_String.dpr"/>
        <Caret Line="51" TopLine="38"/>
      </Position23>
      <Position24>
        <Filename Value="Test_String.dpr"/>
        <Caret Line="50" Column="21" TopLine="38"/>
      </Position24>
      <Position25>
        <Filename Value="Test_String.dpr"/>
        <Caret Line="49" TopLine="38"/>
      </Position25>
      <Position26>
        <Filename Value="Test_String.dpr"/>
        <Caret Line="50" TopLine="38"/>
      </Position26>
      <Position27>
        <Filename Value="Test_String.dpr"/>
        <Caret Line="51" TopLine="38"/>
      </Position27>
      <Position28>
        <Filename Value="Test_String.dpr"/>
        <Caret Line="49" TopLine="44"/>
      </Position28>
      <Position29>
        <Filename Value="Test_String.dpr"/>
        <Caret Line="52" Column="39" TopLine="38"/>
      </Position29>
      <Position30>
        <Filename Value="Test_String.dpr"/>
        <Caret Line="49" Column="38" TopLine="28"/>
      </Position30>
    </JumpHistory>
  </ProjectOptions>
  <CompilerOptions>
    <Version Value="11"/>
    <Target>
      <Filename Value="Test_String"/>
    </Target>
    <SearchPaths>
      <IncludeFiles Value="$(ProjOutDir)"/>
      <UnitOutputDirectory Value="lib/$(TargetCPU)-$(TargetOS)"/>
    </SearchPaths>
    <Parsing>
      <SyntaxOptions>
        <IncludeAssertionCode Value="True"/>
      </SyntaxOptions>
    </Parsing>
  </CompilerOptions>
  <Debugging>
    <Exceptions Count="3" IgnoreAll="True">
      <Item1>
        <Name Value="EAbort"/>
      </Item1>
      <Item2>
        <Name Value="ECodetoolError"/>
      </Item2>
      <Item3>
        <Name Value="EFOpenError"/>
      </Item3>
    </Exceptions>
  </Debugging>
</CONFIG>
