<?xml version="1.0"?>
<CONFIG>
  <ProjectOptions>
    <Version Value="9"/>
    <PathDelim Value="\"/>
    <General>
      <Flags>
        <SaveOnlyProjectUnits Value="True"/>
      </Flags>
      <MainUnit Value="0"/>
      <UseAppBundle Value="False"/>
      <ResourceType Value="res"/>
      <ActiveWindowIndexAtStart Value="0"/>
    </General>
    <i18n>
      <EnableI18N LFM="False"/>
    </i18n>
    <VersionInfo>
      <StringTable ProductVersion=""/>
    </VersionInfo>
    <BuildModes Count="1" Active="Default">
      <Item1 Name="Default" Default="True"/>
    </BuildModes>
    <PublishOptions>
      <Version Value="2"/>
      <IncludeFileFilter Value="*.(pas|pp|inc|lfm|lpr|lrs|lpi|lpk|sh|xml)"/>
      <ExcludeFileFilter Value="*.(bak|ppu|o|so);*~;backup"/>
    </PublishOptions>
    <RunParams>
      <local>
        <FormatVersion Value="1"/>
      </local>
    </RunParams>
    <RequiredPackages Count="2">
      <Item1>
        <PackageName Value="JTemplatePkg"/>
      </Item1>
      <Item2>
        <PackageName Value="BrookRT"/>
      </Item2>
    </RequiredPackages>
    <Units Count="7">
      <Unit0>
        <Filename Value="blog.lpr"/>
        <IsPartOfProject Value="True"/>
        <UnitName Value="blog"/>
        <EditorIndex Value="0"/>
        <WindowIndex Value="0"/>
        <TopLine Value="1"/>
        <CursorPos X="19" Y="6"/>
        <UsageCount Value="38"/>
        <Loaded Value="True"/>
      </Unit0>
      <Unit1>
        <Filename Value="main.pas"/>
        <IsPartOfProject Value="True"/>
        <UnitName Value="main"/>
        <IsVisibleTab Value="True"/>
        <EditorIndex Value="2"/>
        <WindowIndex Value="0"/>
        <TopLine Value="142"/>
        <CursorPos X="15" Y="181"/>
        <UsageCount Value="38"/>
        <Loaded Value="True"/>
      </Unit1>
      <Unit2>
        <Filename Value="brokers.pas"/>
        <IsPartOfProject Value="True"/>
        <UnitName Value="Brokers"/>
        <EditorIndex Value="1"/>
        <WindowIndex Value="0"/>
        <TopLine Value="4"/>
        <CursorPos X="11" Y="9"/>
        <UsageCount Value="38"/>
        <Loaded Value="True"/>
      </Unit2>
      <Unit3>
        <Filename Value="..\html\404.html"/>
        <IsPartOfProject Value="True"/>
        <UsageCount Value="38"/>
        <DefaultSyntaxHighlighter Value="HTML"/>
      </Unit3>
      <Unit4>
        <Filename Value="..\html\500.html"/>
        <IsPartOfProject Value="True"/>
        <UsageCount Value="38"/>
        <DefaultSyntaxHighlighter Value="HTML"/>
      </Unit4>
      <Unit5>
        <Filename Value="..\html\newpost.html"/>
        <IsPartOfProject Value="True"/>
        <UsageCount Value="38"/>
        <DefaultSyntaxHighlighter Value="HTML"/>
      </Unit5>
      <Unit6>
        <Filename Value="..\html\home.html"/>
        <IsPartOfProject Value="True"/>
        <UsageCount Value="38"/>
        <DefaultSyntaxHighlighter Value="HTML"/>
      </Unit6>
    </Units>
  </ProjectOptions>
  <CompilerOptions>
    <Version Value="11"/>
    <PathDelim Value="\"/>
    <Target>
      <Filename Value="blog" ApplyConventions="False"/>
    </Target>
    <SearchPaths>
      <IncludeFiles Value="$(ProjOutDir)"/>
    </SearchPaths>
    <CodeGeneration>
      <Optimizations>
        <OptimizationLevel Value="2"/>
      </Optimizations>
    </CodeGeneration>
    <Other>
      <CompilerMessages>
        <MsgFileName Value=""/>
      </CompilerMessages>
      <CompilerPath Value="$(CompPath)"/>
    </Other>
  </CompilerOptions>
  <Debugging>
    <Exceptions Count="3">
      <Item1>
        <Name Value="EAbort"/>
      </Item1>
      <Item2>
        <Name Value="ECodetoolError"/>
      </Item2>
      <Item3>
        <Name Value="EFOpenError"/>
      </Item3>
    </Exceptions>
  </Debugging>
  <EditorMacros Count="0"/>
</CONFIG>
