<?xml version="1.0"?>
<CONFIG>
  <ProjectOptions>
    <Version Value="9"/>
    <General>
      <Flags>
        <MainUnitHasCreateFormStatements Value="False"/>
      </Flags>
      <MainUnit Value="0"/>
      <Title Value="test"/>
      <UseAppBundle Value="False"/>
      <ResourceType Value="res"/>
      <ActiveWindowIndexAtStart Value="0"/>
    </General>
    <i18n>
      <EnableI18N LFM="False"/>
    </i18n>
    <VersionInfo>
      <StringTable ProductVersion=""/>
    </VersionInfo>
    <BuildModes Count="1" Active="Default">
      <Item1 Name="Default" Default="True"/>
    </BuildModes>
    <PublishOptions>
      <Version Value="2"/>
      <IncludeFileFilter Value="*.(pas|pp|inc|lfm|lpr|lrs|lpi|lpk|sh|xml)"/>
      <ExcludeFileFilter Value="*.(bak|ppu|o|so);*~;backup"/>
    </PublishOptions>
    <RunParams>
      <local>
        <FormatVersion Value="1"/>
      </local>
    </RunParams>
    <RequiredPackages Count="1">
      <Item1>
        <PackageName Value="BrookRT"/>
      </Item1>
    </RequiredPackages>
    <Units Count="11">
      <Unit0>
        <Filename Value="test.lpr"/>
        <IsPartOfProject Value="True"/>
        <UnitName Value="test"/>
        <EditorIndex Value="5"/>
        <WindowIndex Value="0"/>
        <TopLine Value="1"/>
        <CursorPos X="19" Y="6"/>
        <UsageCount Value="20"/>
        <Loaded Value="True"/>
      </Unit0>
      <Unit1>
        <Filename Value="unit1.pp"/>
        <IsPartOfProject Value="True"/>
        <UnitName Value="Unit1"/>
        <EditorIndex Value="0"/>
        <WindowIndex Value="0"/>
        <TopLine Value="7"/>
        <CursorPos X="27" Y="20"/>
        <UsageCount Value="20"/>
        <Loaded Value="True"/>
      </Unit1>
      <Unit2>
        <Filename Value="brokers.pp"/>
        <IsPartOfProject Value="True"/>
        <UnitName Value="Brokers"/>
        <EditorIndex Value="1"/>
        <WindowIndex Value="0"/>
        <TopLine Value="12"/>
        <CursorPos X="17" Y="29"/>
        <UsageCount Value="20"/>
        <Loaded Value="True"/>
      </Unit2>
      <Unit3>
        <Filename Value="404.html"/>
        <IsPartOfProject Value="True"/>
        <WindowIndex Value="0"/>
        <TopLine Value="1"/>
        <CursorPos X="1" Y="1"/>
        <UsageCount Value="20"/>
        <DefaultSyntaxHighlighter Value="HTML"/>
      </Unit3>
      <Unit4>
        <Filename Value="500.html"/>
        <IsPartOfProject Value="True"/>
        <WindowIndex Value="0"/>
        <TopLine Value="1"/>
        <CursorPos X="1" Y="1"/>
        <UsageCount Value="20"/>
        <DefaultSyntaxHighlighter Value="HTML"/>
      </Unit4>
      <Unit5>
        <Filename Value="template.html"/>
        <IsPartOfProject Value="True"/>
        <IsVisibleTab Value="True"/>
        <EditorIndex Value="3"/>
        <WindowIndex Value="0"/>
        <TopLine Value="1"/>
        <CursorPos X="71" Y="5"/>
        <UsageCount Value="20"/>
        <Loaded Value="True"/>
        <DefaultSyntaxHighlighter Value="HTML"/>
      </Unit5>
      <Unit6>
        <Filename Value="css/style.css"/>
        <IsPartOfProject Value="True"/>
        <WindowIndex Value="0"/>
        <TopLine Value="1"/>
        <CursorPos X="1" Y="8"/>
        <UsageCount Value="20"/>
        <DefaultSyntaxHighlighter Value="None"/>
      </Unit6>
      <Unit7>
        <Filename Value="js/test.js"/>
        <IsPartOfProject Value="True"/>
        <WindowIndex Value="0"/>
        <TopLine Value="1"/>
        <CursorPos X="1" Y="4"/>
        <UsageCount Value="20"/>
        <DefaultSyntaxHighlighter Value="JScript"/>
      </Unit7>
      <Unit8>
        <Filename Value="../../../core/brookexception.pas"/>
        <UnitName Value="BrookException"/>
        <EditorIndex Value="4"/>
        <WindowIndex Value="0"/>
        <TopLine Value="67"/>
        <CursorPos X="27" Y="80"/>
        <UsageCount Value="10"/>
        <Loaded Value="True"/>
      </Unit8>
      <Unit9>
        <Filename Value="../../../brokers/brookstaticfilebroker.pp"/>
        <UnitName Value="BrookStaticFileBroker"/>
        <EditorIndex Value="2"/>
        <WindowIndex Value="0"/>
        <TopLine Value="106"/>
        <CursorPos X="1" Y="106"/>
        <UsageCount Value="10"/>
        <Loaded Value="True"/>
      </Unit9>
      <Unit10>
        <Filename Value="../../../core/brookapplication.pas"/>
        <UnitName Value="BrookApplication"/>
        <WindowIndex Value="0"/>
        <TopLine Value="32"/>
        <CursorPos X="10" Y="42"/>
        <UsageCount Value="10"/>
      </Unit10>
    </Units>
    <JumpHistory Count="8" HistoryIndex="7">
      <Position1>
        <Filename Value="template.html"/>
        <Caret Line="1" Column="1" TopLine="1"/>
      </Position1>
      <Position2>
        <Filename Value="brokers.pp"/>
        <Caret Line="26" Column="49" TopLine="10"/>
      </Position2>
      <Position3>
        <Filename Value="test.lpr"/>
        <Caret Line="1" Column="1" TopLine="1"/>
      </Position3>
      <Position4>
        <Filename Value="template.html"/>
        <Caret Line="8" Column="9" TopLine="1"/>
      </Position4>
      <Position5>
        <Filename Value="brokers.pp"/>
        <Caret Line="25" Column="26" TopLine="10"/>
      </Position5>
      <Position6>
        <Filename Value="brokers.pp"/>
        <Caret Line="26" Column="26" TopLine="10"/>
      </Position6>
      <Position7>
        <Filename Value="test.lpr"/>
        <Caret Line="6" Column="30" TopLine="1"/>
      </Position7>
      <Position8>
        <Filename Value="brokers.pp"/>
        <Caret Line="29" Column="15" TopLine="13"/>
      </Position8>
    </JumpHistory>
  </ProjectOptions>
  <CompilerOptions>
    <Version Value="11"/>
    <Target>
      <Filename Value="test"/>
    </Target>
    <SearchPaths>
      <IncludeFiles Value="$(ProjOutDir)"/>
    </SearchPaths>
    <Other>
      <CompilerMessages>
        <MsgFileName Value=""/>
      </CompilerMessages>
      <CompilerPath Value="$(CompPath)"/>
    </Other>
  </CompilerOptions>
  <Debugging>
    <Exceptions Count="3">
      <Item1>
        <Name Value="EAbort"/>
      </Item1>
      <Item2>
        <Name Value="ECodetoolError"/>
      </Item2>
      <Item3>
        <Name Value="EFOpenError"/>
      </Item3>
    </Exceptions>
  </Debugging>
  <EditorMacros Count="0"/>
</CONFIG>
